
Microsoft Visual Studio Solution File, Format Version 12.00
# Visual Studio Version 16
VisualStudioVersion = 16.0.29709.97
MinimumVisualStudioVersion = 10.0.40219.1
Project("{FAE04EC0-301F-11D3-BF4B-00C04F79EFBC}") = "TestConsole1", "TestConsole1.csproj", "{5BAD847B-9628-40D2-AF5F-56DECC14D92E}"
EndProject
Global
	GlobalSection(SolutionConfigurationPlatforms) = preSolution
		Debug|Any CPU = Debug|Any CPU
		Release|Any CPU = Release|Any CPU
	EndGlobalSection
	GlobalSection(ProjectConfigurationPlatforms) = postSolution
		{5BAD847B-9628-40D2-AF5F-56DECC14D92E}.Debug|Any CPU.ActiveCfg = Debug|Any CPU
		{5BAD847B-9628-40D2-AF5F-56DECC14D92E}.Debug|Any CPU.Build.0 = Debug|Any CPU
		{5BAD847B-9628-40D2-AF5F-56DECC14D92E}.Release|Any CPU.ActiveCfg = Release|Any CPU
		{5BAD847B-9628-40D2-AF5F-56DECC14D92E}.Release|Any CPU.Build.0 = Release|Any CPU
	EndGlobalSection
	GlobalSection(SolutionProperties) = preSolution
		HideSolutionNode = FALSE
	EndGlobalSection
	GlobalSection(ExtensibilityGlobals) = postSolution
		SolutionGuid = {F8704729-5914-493C-9C68-FCFA6E515628}
	EndGlobalSection
EndGlobal
