
Microsoft Visual Studio Solution File, Format Version 12.00
# Visual Studio Version 16
VisualStudioVersion = 16.0.29709.97
MinimumVisualStudioVersion = 10.0.40219.1
Project("{FAE04EC0-301F-11D3-BF4B-00C04F79EFBC}") = "WAPI", "WAPI.csproj", "{F5FFECDF-0895-4590-AE9A-D1BA04595181}"
EndProject
Global
	GlobalSection(SolutionConfigurationPlatforms) = preSolution
		Debug|Any CPU = Debug|Any CPU
		Release|Any CPU = Release|Any CPU
	EndGlobalSection
	GlobalSection(ProjectConfigurationPlatforms) = postSolution
		{F5FFECDF-0895-4590-AE9A-D1BA04595181}.Debug|Any CPU.ActiveCfg = Debug|Any CPU
		{F5FFECDF-0895-4590-AE9A-D1BA04595181}.Debug|Any CPU.Build.0 = Debug|Any CPU
		{F5FFECDF-0895-4590-AE9A-D1BA04595181}.Release|Any CPU.ActiveCfg = Release|Any CPU
		{F5FFECDF-0895-4590-AE9A-D1BA04595181}.Release|Any CPU.Build.0 = Release|Any CPU
	EndGlobalSection
	GlobalSection(SolutionProperties) = preSolution
		HideSolutionNode = FALSE
	EndGlobalSection
	GlobalSection(ExtensibilityGlobals) = postSolution
		SolutionGuid = {A57DD980-AA44-43D3-AB5F-01AC2E8924DA}
	EndGlobalSection
EndGlobal
