
Microsoft Visual Studio Solution File, Format Version 12.00
# Visual Studio Version 16
VisualStudioVersion = 16.0.29709.97
MinimumVisualStudioVersion = 10.0.40219.1
Project("{FAE04EC0-301F-11D3-BF4B-00C04F79EFBC}") = "CompoCount", "CompoCount.csproj", "{F66F4490-A257-4718-BEFE-CCFC96B527D5}"
EndProject
Global
	GlobalSection(SolutionConfigurationPlatforms) = preSolution
		Debug|Any CPU = Debug|Any CPU
		Release|Any CPU = Release|Any CPU
	EndGlobalSection
	GlobalSection(ProjectConfigurationPlatforms) = postSolution
		{F66F4490-A257-4718-BEFE-CCFC96B527D5}.Debug|Any CPU.ActiveCfg = Debug|Any CPU
		{F66F4490-A257-4718-BEFE-CCFC96B527D5}.Debug|Any CPU.Build.0 = Debug|Any CPU
		{F66F4490-A257-4718-BEFE-CCFC96B527D5}.Release|Any CPU.ActiveCfg = Release|Any CPU
		{F66F4490-A257-4718-BEFE-CCFC96B527D5}.Release|Any CPU.Build.0 = Release|Any CPU
	EndGlobalSection
	GlobalSection(SolutionProperties) = preSolution
		HideSolutionNode = FALSE
	EndGlobalSection
	GlobalSection(ExtensibilityGlobals) = postSolution
		SolutionGuid = {C720F7BF-965C-41A3-963E-3773B5725803}
	EndGlobalSection
EndGlobal
