
Microsoft Visual Studio Solution File, Format Version 12.00
# Visual Studio Version 16
VisualStudioVersion = 16.0.29709.97
MinimumVisualStudioVersion = 10.0.40219.1
Project("{FAE04EC0-301F-11D3-BF4B-00C04F79EFBC}") = "DiskShop", "DiskShop.csproj", "{A8B77AC7-BC13-4EE6-979E-C2D7A47982C5}"
EndProject
Project("{FAE04EC0-301F-11D3-BF4B-00C04F79EFBC}") = "DiskLib", "..\DiskLib\DiskLib.csproj", "{297D1DE6-C3A3-4C43-8EF1-E238077DE127}"
EndProject
Global
	GlobalSection(SolutionConfigurationPlatforms) = preSolution
		Debug|Any CPU = Debug|Any CPU
		Release|Any CPU = Release|Any CPU
	EndGlobalSection
	GlobalSection(ProjectConfigurationPlatforms) = postSolution
		{A8B77AC7-BC13-4EE6-979E-C2D7A47982C5}.Debug|Any CPU.ActiveCfg = Debug|Any CPU
		{A8B77AC7-BC13-4EE6-979E-C2D7A47982C5}.Debug|Any CPU.Build.0 = Debug|Any CPU
		{A8B77AC7-BC13-4EE6-979E-C2D7A47982C5}.Release|Any CPU.ActiveCfg = Release|Any CPU
		{A8B77AC7-BC13-4EE6-979E-C2D7A47982C5}.Release|Any CPU.Build.0 = Release|Any CPU
		{297D1DE6-C3A3-4C43-8EF1-E238077DE127}.Debug|Any CPU.ActiveCfg = Debug|Any CPU
		{297D1DE6-C3A3-4C43-8EF1-E238077DE127}.Debug|Any CPU.Build.0 = Debug|Any CPU
		{297D1DE6-C3A3-4C43-8EF1-E238077DE127}.Release|Any CPU.ActiveCfg = Release|Any CPU
		{297D1DE6-C3A3-4C43-8EF1-E238077DE127}.Release|Any CPU.Build.0 = Release|Any CPU
	EndGlobalSection
	GlobalSection(SolutionProperties) = preSolution
		HideSolutionNode = FALSE
	EndGlobalSection
	GlobalSection(ExtensibilityGlobals) = postSolution
		SolutionGuid = {85C2AF5D-8E7E-4F32-8351-1FC662BC6A16}
	EndGlobalSection
EndGlobal
